
Microsoft Visual Studio Solution File, Format Version 12.00
# Visual Studio Version 17
VisualStudioVersion = 17.0.31903.59
MinimumVisualStudioVersion = 10.0.40219.1
Project("{2150E333-8FDC-42A3-9474-1A3956D46DE8}") = "src", "src", "{827E0CD3-B72D-47B6-A68D-7590B98EB39B}"
EndProject
Project("{FAE04EC0-301F-11D3-BF4B-00C04F79EFBC}") = "Fluvio.Client.Abstractions", "src\Fluvio.Client.Abstractions\Fluvio.Client.Abstractions.csproj", "{BC1B81DA-45BC-4402-AB2F-1A7314C7AF92}"
EndProject
Project("{FAE04EC0-301F-11D3-BF4B-00C04F79EFBC}") = "Fluvio.Client", "src\Fluvio.Client\Fluvio.Client.csproj", "{C782DEFB-A8C5-45DD-9DC5-A9113FD13468}"
EndProject
Project("{2150E333-8FDC-42A3-9474-1A3956D46DE8}") = "tests", "tests", "{0AB3BF05-4346-4AA6-1389-037BE0695223}"
EndProject
Project("{FAE04EC0-301F-11D3-BF4B-00C04F79EFBC}") = "Fluvio.Client.Tests", "tests\Fluvio.Client.Tests\Fluvio.Client.Tests.csproj", "{A6F6667E-0224-44F1-A09C-2C548C38FBEC}"
EndProject
Project("{2150E333-8FDC-42A3-9474-1A3956D46DE8}") = "examples", "examples", "{B36A84DF-456D-A817-6EDD-3EC3E7F6E11F}"
EndProject
Project("{FAE04EC0-301F-11D3-BF4B-00C04F79EFBC}") = "ProducerExample", "examples\ProducerExample\ProducerExample.csproj", "{7919C971-B76A-412D-9E75-CB60E9C18098}"
EndProject
Project("{FAE04EC0-301F-11D3-BF4B-00C04F79EFBC}") = "ConsumerExample", "examples\ConsumerExample\ConsumerExample.csproj", "{EEE08FA9-C6A8-457C-B742-FBD310232865}"
EndProject
Project("{FAE04EC0-301F-11D3-BF4B-00C04F79EFBC}") = "HeadersExample", "examples\HeadersExample\HeadersExample.csproj", "{76DB4F21-A9E6-411E-9BD8-AB6DF5236059}"
EndProject
Project("{FAE04EC0-301F-11D3-BF4B-00C04F79EFBC}") = "HealthCheckExample", "examples\HealthCheckExample\HealthCheckExample.csproj", "{11D379B8-12E5-423E-B95D-94CBBD6792B1}"
EndProject
Project("{FAE04EC0-301F-11D3-BF4B-00C04F79EFBC}") = "LoggingExample", "examples\LoggingExample\LoggingExample.csproj", "{C1DE7DA6-0D0A-48D1-B449-247C9DB96019}"
EndProject
Project("{FAE04EC0-301F-11D3-BF4B-00C04F79EFBC}") = "StreamingConsumerExample", "examples\StreamingConsumerExample\StreamingConsumerExample.csproj", "{8B2A4AE7-4EF3-4F64-BE82-924379401F36}"
EndProject
Global
	GlobalSection(SolutionConfigurationPlatforms) = preSolution
		Debug|Any CPU = Debug|Any CPU
		Debug|x64 = Debug|x64
		Debug|x86 = Debug|x86
		Release|Any CPU = Release|Any CPU
		Release|x64 = Release|x64
		Release|x86 = Release|x86
	EndGlobalSection
	GlobalSection(ProjectConfigurationPlatforms) = postSolution
		{BC1B81DA-45BC-4402-AB2F-1A7314C7AF92}.Debug|Any CPU.ActiveCfg = Debug|Any CPU
		{BC1B81DA-45BC-4402-AB2F-1A7314C7AF92}.Debug|Any CPU.Build.0 = Debug|Any CPU
		{BC1B81DA-45BC-4402-AB2F-1A7314C7AF92}.Debug|x64.ActiveCfg = Debug|Any CPU
		{BC1B81DA-45BC-4402-AB2F-1A7314C7AF92}.Debug|x64.Build.0 = Debug|Any CPU
		{BC1B81DA-45BC-4402-AB2F-1A7314C7AF92}.Debug|x86.ActiveCfg = Debug|Any CPU
		{BC1B81DA-45BC-4402-AB2F-1A7314C7AF92}.Debug|x86.Build.0 = Debug|Any CPU
		{BC1B81DA-45BC-4402-AB2F-1A7314C7AF92}.Release|Any CPU.ActiveCfg = Release|Any CPU
		{BC1B81DA-45BC-4402-AB2F-1A7314C7AF92}.Release|Any CPU.Build.0 = Release|Any CPU
		{BC1B81DA-45BC-4402-AB2F-1A7314C7AF92}.Release|x64.ActiveCfg = Release|Any CPU
		{BC1B81DA-45BC-4402-AB2F-1A7314C7AF92}.Release|x64.Build.0 = Release|Any CPU
		{BC1B81DA-45BC-4402-AB2F-1A7314C7AF92}.Release|x86.ActiveCfg = Release|Any CPU
		{BC1B81DA-45BC-4402-AB2F-1A7314C7AF92}.Release|x86.Build.0 = Release|Any CPU
		{C782DEFB-A8C5-45DD-9DC5-A9113FD13468}.Debug|Any CPU.ActiveCfg = Debug|Any CPU
		{C782DEFB-A8C5-45DD-9DC5-A9113FD13468}.Debug|Any CPU.Build.0 = Debug|Any CPU
		{C782DEFB-A8C5-45DD-9DC5-A9113FD13468}.Debug|x64.ActiveCfg = Debug|Any CPU
		{C782DEFB-A8C5-45DD-9DC5-A9113FD13468}.Debug|x64.Build.0 = Debug|Any CPU
		{C782DEFB-A8C5-45DD-9DC5-A9113FD13468}.Debug|x86.ActiveCfg = Debug|Any CPU
		{C782DEFB-A8C5-45DD-9DC5-A9113FD13468}.Debug|x86.Build.0 = Debug|Any CPU
		{C782DEFB-A8C5-45DD-9DC5-A9113FD13468}.Release|Any CPU.ActiveCfg = Release|Any CPU
		{C782DEFB-A8C5-45DD-9DC5-A9113FD13468}.Release|Any CPU.Build.0 = Release|Any CPU
		{C782DEFB-A8C5-45DD-9DC5-A9113FD13468}.Release|x64.ActiveCfg = Release|Any CPU
		{C782DEFB-A8C5-45DD-9DC5-A9113FD13468}.Release|x64.Build.0 = Release|Any CPU
		{C782DEFB-A8C5-45DD-9DC5-A9113FD13468}.Release|x86.ActiveCfg = Release|Any CPU
		{C782DEFB-A8C5-45DD-9DC5-A9113FD13468}.Release|x86.Build.0 = Release|Any CPU
		{A6F6667E-0224-44F1-A09C-2C548C38FBEC}.Debug|Any CPU.ActiveCfg = Debug|Any CPU
		{A6F6667E-0224-44F1-A09C-2C548C38FBEC}.Debug|Any CPU.Build.0 = Debug|Any CPU
		{A6F6667E-0224-44F1-A09C-2C548C38FBEC}.Debug|x64.ActiveCfg = Debug|Any CPU
		{A6F6667E-0224-44F1-A09C-2C548C38FBEC}.Debug|x64.Build.0 = Debug|Any CPU
		{A6F6667E-0224-44F1-A09C-2C548C38FBEC}.Debug|x86.ActiveCfg = Debug|Any CPU
		{A6F6667E-0224-44F1-A09C-2C548C38FBEC}.Debug|x86.Build.0 = Debug|Any CPU
		{A6F6667E-0224-44F1-A09C-2C548C38FBEC}.Release|Any CPU.ActiveCfg = Release|Any CPU
		{A6F6667E-0224-44F1-A09C-2C548C38FBEC}.Release|Any CPU.Build.0 = Release|Any CPU
		{A6F6667E-0224-44F1-A09C-2C548C38FBEC}.Release|x64.ActiveCfg = Release|Any CPU
		{A6F6667E-0224-44F1-A09C-2C548C38FBEC}.Release|x64.Build.0 = Release|Any CPU
		{A6F6667E-0224-44F1-A09C-2C548C38FBEC}.Release|x86.ActiveCfg = Release|Any CPU
		{A6F6667E-0224-44F1-A09C-2C548C38FBEC}.Release|x86.Build.0 = Release|Any CPU
		{7919C971-B76A-412D-9E75-CB60E9C18098}.Debug|Any CPU.ActiveCfg = Debug|Any CPU
		{7919C971-B76A-412D-9E75-CB60E9C18098}.Debug|Any CPU.Build.0 = Debug|Any CPU
		{7919C971-B76A-412D-9E75-CB60E9C18098}.Debug|x64.ActiveCfg = Debug|Any CPU
		{7919C971-B76A-412D-9E75-CB60E9C18098}.Debug|x64.Build.0 = Debug|Any CPU
		{7919C971-B76A-412D-9E75-CB60E9C18098}.Debug|x86.ActiveCfg = Debug|Any CPU
		{7919C971-B76A-412D-9E75-CB60E9C18098}.Debug|x86.Build.0 = Debug|Any CPU
		{7919C971-B76A-412D-9E75-CB60E9C18098}.Release|Any CPU.ActiveCfg = Release|Any CPU
		{7919C971-B76A-412D-9E75-CB60E9C18098}.Release|Any CPU.Build.0 = Release|Any CPU
		{7919C971-B76A-412D-9E75-CB60E9C18098}.Release|x64.ActiveCfg = Release|Any CPU
		{7919C971-B76A-412D-9E75-CB60E9C18098}.Release|x64.Build.0 = Release|Any CPU
		{7919C971-B76A-412D-9E75-CB60E9C18098}.Release|x86.ActiveCfg = Release|Any CPU
		{7919C971-B76A-412D-9E75-CB60E9C18098}.Release|x86.Build.0 = Release|Any CPU
		{EEE08FA9-C6A8-457C-B742-FBD310232865}.Debug|Any CPU.ActiveCfg = Debug|Any CPU
		{EEE08FA9-C6A8-457C-B742-FBD310232865}.Debug|Any CPU.Build.0 = Debug|Any CPU
		{EEE08FA9-C6A8-457C-B742-FBD310232865}.Debug|x64.ActiveCfg = Debug|Any CPU
		{EEE08FA9-C6A8-457C-B742-FBD310232865}.Debug|x64.Build.0 = Debug|Any CPU
		{EEE08FA9-C6A8-457C-B742-FBD310232865}.Debug|x86.ActiveCfg = Debug|Any CPU
		{EEE08FA9-C6A8-457C-B742-FBD310232865}.Debug|x86.Build.0 = Debug|Any CPU
		{EEE08FA9-C6A8-457C-B742-FBD310232865}.Release|Any CPU.ActiveCfg = Release|Any CPU
		{EEE08FA9-C6A8-457C-B742-FBD310232865}.Release|Any CPU.Build.0 = Release|Any CPU
		{EEE08FA9-C6A8-457C-B742-FBD310232865}.Release|x64.ActiveCfg = Release|Any CPU
		{EEE08FA9-C6A8-457C-B742-FBD310232865}.Release|x64.Build.0 = Release|Any CPU
		{EEE08FA9-C6A8-457C-B742-FBD310232865}.Release|x86.ActiveCfg = Release|Any CPU
		{EEE08FA9-C6A8-457C-B742-FBD310232865}.Release|x86.Build.0 = Release|Any CPU
		{76DB4F21-A9E6-411E-9BD8-AB6DF5236059}.Debug|Any CPU.ActiveCfg = Debug|Any CPU
		{76DB4F21-A9E6-411E-9BD8-AB6DF5236059}.Debug|Any CPU.Build.0 = Debug|Any CPU
		{76DB4F21-A9E6-411E-9BD8-AB6DF5236059}.Debug|x64.ActiveCfg = Debug|Any CPU
		{76DB4F21-A9E6-411E-9BD8-AB6DF5236059}.Debug|x64.Build.0 = Debug|Any CPU
		{76DB4F21-A9E6-411E-9BD8-AB6DF5236059}.Debug|x86.ActiveCfg = Debug|Any CPU
		{76DB4F21-A9E6-411E-9BD8-AB6DF5236059}.Debug|x86.Build.0 = Debug|Any CPU
		{76DB4F21-A9E6-411E-9BD8-AB6DF5236059}.Release|Any CPU.ActiveCfg = Release|Any CPU
		{76DB4F21-A9E6-411E-9BD8-AB6DF5236059}.Release|Any CPU.Build.0 = Release|Any CPU
		{76DB4F21-A9E6-411E-9BD8-AB6DF5236059}.Release|x64.ActiveCfg = Release|Any CPU
		{76DB4F21-A9E6-411E-9BD8-AB6DF5236059}.Release|x64.Build.0 = Release|Any CPU
		{76DB4F21-A9E6-411E-9BD8-AB6DF5236059}.Release|x86.ActiveCfg = Release|Any CPU
		{76DB4F21-A9E6-411E-9BD8-AB6DF5236059}.Release|x86.Build.0 = Release|Any CPU
		{11D379B8-12E5-423E-B95D-94CBBD6792B1}.Debug|Any CPU.ActiveCfg = Debug|Any CPU
		{11D379B8-12E5-423E-B95D-94CBBD6792B1}.Debug|Any CPU.Build.0 = Debug|Any CPU
		{11D379B8-12E5-423E-B95D-94CBBD6792B1}.Debug|x64.ActiveCfg = Debug|Any CPU
		{11D379B8-12E5-423E-B95D-94CBBD6792B1}.Debug|x64.Build.0 = Debug|Any CPU
		{11D379B8-12E5-423E-B95D-94CBBD6792B1}.Debug|x86.ActiveCfg = Debug|Any CPU
		{11D379B8-12E5-423E-B95D-94CBBD6792B1}.Debug|x86.Build.0 = Debug|Any CPU
		{11D379B8-12E5-423E-B95D-94CBBD6792B1}.Release|Any CPU.ActiveCfg = Release|Any CPU
		{11D379B8-12E5-423E-B95D-94CBBD6792B1}.Release|Any CPU.Build.0 = Release|Any CPU
		{11D379B8-12E5-423E-B95D-94CBBD6792B1}.Release|x64.ActiveCfg = Release|Any CPU
		{11D379B8-12E5-423E-B95D-94CBBD6792B1}.Release|x64.Build.0 = Release|Any CPU
		{11D379B8-12E5-423E-B95D-94CBBD6792B1}.Release|x86.ActiveCfg = Release|Any CPU
		{11D379B8-12E5-423E-B95D-94CBBD6792B1}.Release|x86.Build.0 = Release|Any CPU
		{C1DE7DA6-0D0A-48D1-B449-247C9DB96019}.Debug|Any CPU.ActiveCfg = Debug|Any CPU
		{C1DE7DA6-0D0A-48D1-B449-247C9DB96019}.Debug|Any CPU.Build.0 = Debug|Any CPU
		{C1DE7DA6-0D0A-48D1-B449-247C9DB96019}.Debug|x64.ActiveCfg = Debug|Any CPU
		{C1DE7DA6-0D0A-48D1-B449-247C9DB96019}.Debug|x64.Build.0 = Debug|Any CPU
		{C1DE7DA6-0D0A-48D1-B449-247C9DB96019}.Debug|x86.ActiveCfg = Debug|Any CPU
		{C1DE7DA6-0D0A-48D1-B449-247C9DB96019}.Debug|x86.Build.0 = Debug|Any CPU
		{C1DE7DA6-0D0A-48D1-B449-247C9DB96019}.Release|Any CPU.ActiveCfg = Release|Any CPU
		{C1DE7DA6-0D0A-48D1-B449-247C9DB96019}.Release|Any CPU.Build.0 = Release|Any CPU
		{C1DE7DA6-0D0A-48D1-B449-247C9DB96019}.Release|x64.ActiveCfg = Release|Any CPU
		{C1DE7DA6-0D0A-48D1-B449-247C9DB96019}.Release|x64.Build.0 = Release|Any CPU
		{C1DE7DA6-0D0A-48D1-B449-247C9DB96019}.Release|x86.ActiveCfg = Release|Any CPU
		{C1DE7DA6-0D0A-48D1-B449-247C9DB96019}.Release|x86.Build.0 = Release|Any CPU
		{8B2A4AE7-4EF3-4F64-BE82-924379401F36}.Debug|Any CPU.ActiveCfg = Debug|Any CPU
		{8B2A4AE7-4EF3-4F64-BE82-924379401F36}.Debug|Any CPU.Build.0 = Debug|Any CPU
		{8B2A4AE7-4EF3-4F64-BE82-924379401F36}.Debug|x64.ActiveCfg = Debug|Any CPU
		{8B2A4AE7-4EF3-4F64-BE82-924379401F36}.Debug|x64.Build.0 = Debug|Any CPU
		{8B2A4AE7-4EF3-4F64-BE82-924379401F36}.Debug|x86.ActiveCfg = Debug|Any CPU
		{8B2A4AE7-4EF3-4F64-BE82-924379401F36}.Debug|x86.Build.0 = Debug|Any CPU
		{8B2A4AE7-4EF3-4F64-BE82-924379401F36}.Release|Any CPU.ActiveCfg = Release|Any CPU
		{8B2A4AE7-4EF3-4F64-BE82-924379401F36}.Release|Any CPU.Build.0 = Release|Any CPU
		{8B2A4AE7-4EF3-4F64-BE82-924379401F36}.Release|x64.ActiveCfg = Release|Any CPU
		{8B2A4AE7-4EF3-4F64-BE82-924379401F36}.Release|x64.Build.0 = Release|Any CPU
		{8B2A4AE7-4EF3-4F64-BE82-924379401F36}.Release|x86.ActiveCfg = Release|Any CPU
		{8B2A4AE7-4EF3-4F64-BE82-924379401F36}.Release|x86.Build.0 = Release|Any CPU
	EndGlobalSection
	GlobalSection(SolutionProperties) = preSolution
		HideSolutionNode = FALSE
	EndGlobalSection
	GlobalSection(NestedProjects) = preSolution
		{BC1B81DA-45BC-4402-AB2F-1A7314C7AF92} = {827E0CD3-B72D-47B6-A68D-7590B98EB39B}
		{C782DEFB-A8C5-45DD-9DC5-A9113FD13468} = {827E0CD3-B72D-47B6-A68D-7590B98EB39B}
		{A6F6667E-0224-44F1-A09C-2C548C38FBEC} = {0AB3BF05-4346-4AA6-1389-037BE0695223}
		{7919C971-B76A-412D-9E75-CB60E9C18098} = {B36A84DF-456D-A817-6EDD-3EC3E7F6E11F}
		{EEE08FA9-C6A8-457C-B742-FBD310232865} = {B36A84DF-456D-A817-6EDD-3EC3E7F6E11F}
		{76DB4F21-A9E6-411E-9BD8-AB6DF5236059} = {B36A84DF-456D-A817-6EDD-3EC3E7F6E11F}
		{11D379B8-12E5-423E-B95D-94CBBD6792B1} = {B36A84DF-456D-A817-6EDD-3EC3E7F6E11F}
		{C1DE7DA6-0D0A-48D1-B449-247C9DB96019} = {B36A84DF-456D-A817-6EDD-3EC3E7F6E11F}
		{8B2A4AE7-4EF3-4F64-BE82-924379401F36} = {B36A84DF-456D-A817-6EDD-3EC3E7F6E11F}
	EndGlobalSection
EndGlobal
